
Microsoft Visual Studio Solution File, Format Version 12.00
# Visual Studio Version 16
VisualStudioVersion = 16.0.29806.167
MinimumVisualStudioVersion = 10.0.40219.1
Project("{2150E333-8FDC-42A3-9474-1A3956D46DE8}") = "DataImporter", "DataImporter", "{F92CBB56-FBC1-45C2-A28F-432EC8117291}"
EndProject
Project("{2150E333-8FDC-42A3-9474-1A3956D46DE8}") = "Libraries", "Libraries", "{8C642743-5163-427D-A0F4-6E2E1FA63A6D}"
EndProject
Project("{2150E333-8FDC-42A3-9474-1A3956D46DE8}") = "Web", "Web", "{97E46226-AA3D-49F8-9A2B-EA4AB8F613A5}"
EndProject
Project("{2150E333-8FDC-42A3-9474-1A3956D46DE8}") = "APIs", "APIs", "{EB771CF2-F75E-4B9A-8510-9F96760F649D}"
EndProject
Project("{2150E333-8FDC-42A3-9474-1A3956D46DE8}") = "Portal", "Portal", "{0A05D72E-60B6-4C28-87DD-E0426EE5A73B}"
EndProject
Project("{FAE04EC0-301F-11D3-BF4B-00C04F79EFBC}") = "Colt.Infections.Web", "Colt.Infections.Web\Colt.Infections.Web.csproj", "{02EAAD10-0EF5-4D48-BEB0-9B7EE1813C12}"
EndProject
Project("{FAE04EC0-301F-11D3-BF4B-00C04F79EFBC}") = "Colt.Infections.Api", "Colt.Infections.Api\Colt.Infections.Api.csproj", "{D62F3784-FC14-42C2-80CB-6057D8D903E7}"
EndProject
Project("{2150E333-8FDC-42A3-9474-1A3956D46DE8}") = "Tests", "Tests", "{F7CBD818-8891-468F-9032-967D7650395F}"
EndProject
Global
	GlobalSection(SolutionConfigurationPlatforms) = preSolution
		Debug|Any CPU = Debug|Any CPU
		Release|Any CPU = Release|Any CPU
	EndGlobalSection
	GlobalSection(ProjectConfigurationPlatforms) = postSolution
		{02EAAD10-0EF5-4D48-BEB0-9B7EE1813C12}.Debug|Any CPU.ActiveCfg = Debug|Any CPU
		{02EAAD10-0EF5-4D48-BEB0-9B7EE1813C12}.Debug|Any CPU.Build.0 = Debug|Any CPU
		{02EAAD10-0EF5-4D48-BEB0-9B7EE1813C12}.Release|Any CPU.ActiveCfg = Release|Any CPU
		{02EAAD10-0EF5-4D48-BEB0-9B7EE1813C12}.Release|Any CPU.Build.0 = Release|Any CPU
		{D62F3784-FC14-42C2-80CB-6057D8D903E7}.Debug|Any CPU.ActiveCfg = Debug|Any CPU
		{D62F3784-FC14-42C2-80CB-6057D8D903E7}.Debug|Any CPU.Build.0 = Debug|Any CPU
		{D62F3784-FC14-42C2-80CB-6057D8D903E7}.Release|Any CPU.ActiveCfg = Release|Any CPU
		{D62F3784-FC14-42C2-80CB-6057D8D903E7}.Release|Any CPU.Build.0 = Release|Any CPU
	EndGlobalSection
	GlobalSection(SolutionProperties) = preSolution
		HideSolutionNode = FALSE
	EndGlobalSection
	GlobalSection(NestedProjects) = preSolution
		{EB771CF2-F75E-4B9A-8510-9F96760F649D} = {97E46226-AA3D-49F8-9A2B-EA4AB8F613A5}
		{0A05D72E-60B6-4C28-87DD-E0426EE5A73B} = {97E46226-AA3D-49F8-9A2B-EA4AB8F613A5}
		{02EAAD10-0EF5-4D48-BEB0-9B7EE1813C12} = {0A05D72E-60B6-4C28-87DD-E0426EE5A73B}
		{D62F3784-FC14-42C2-80CB-6057D8D903E7} = {EB771CF2-F75E-4B9A-8510-9F96760F649D}
	EndGlobalSection
	GlobalSection(ExtensibilityGlobals) = postSolution
		SolutionGuid = {DDEC70F0-94E9-4171-ACEE-E0DA4C7A06BF}
	EndGlobalSection
EndGlobal
